{
  "name": "react-game",
  "version": "1.0.0",
  "lockfileVersion": 1,
  "requires": true,
  "dependencies": {
    "matter-js": {
      "version": "0.14.2",
      "resolved": "https://registry.npmjs.org/matter-js/-/matter-js-0.14.2.tgz",
      "integrity": "sha512-3ttVT8cJlQnGRjBa8MyVrGyvGmnmOkZ3YsyemIw+KwEEdVi70mo32FH1Eta2b3GfdDJFbMDRqyMQt4heNKBUEA=="
    },
    "react-game-kit": {
      "version": "1.0.6",
      "resolved": "https://registry.npmjs.org/react-game-kit/-/react-game-kit-1.0.6.tgz",
      "integrity": "sha512-EUeGBG3h6B3M+yWv7wQaPttrhjNOp5cKgH+UUTT1yFZihvjNG1PX3k3Cs1Exwelnvy28uZUz9DullS1O14kvCA==",
      "requires": {
        "matter-js": "0.14.2"
      }
    }
  }
}
